
Microsoft Visual Studio Solution File, Format Version 12.00
# Visual Studio Version 16
VisualStudioVersion = 16.0.29230.61
MinimumVisualStudioVersion = 10.0.40219.1
Project("{9A19103F-16F7-4668-BE54-9A1E7A4F7556}") = "DemoAzureAd.Model", "DemoAzureAd.Model\DemoAzureAd.Model.csproj", "{96E2742D-536C-41ED-ACC9-0080F5200419}"
EndProject
Project("{2150E333-8FDC-42A3-9474-1A3956D46DE8}") = "1-WithoutAuth", "1-WithoutAuth", "{0AED11F5-A9C5-4C1F-AD3F-D3E7DDDBF3DD}"
	ProjectSection(SolutionItems) = preProject
		1-WithoutAuth\DemoAzureAd.Site.csproj = 1-WithoutAuth\DemoAzureAd.Site.csproj
	EndProjectSection
EndProject
Global
	GlobalSection(SolutionConfigurationPlatforms) = preSolution
		Debug|Any CPU = Debug|Any CPU
		Release|Any CPU = Release|Any CPU
	EndGlobalSection
	GlobalSection(ProjectConfigurationPlatforms) = postSolution
		{96E2742D-536C-41ED-ACC9-0080F5200419}.Debug|Any CPU.ActiveCfg = Debug|Any CPU
		{96E2742D-536C-41ED-ACC9-0080F5200419}.Debug|Any CPU.Build.0 = Debug|Any CPU
		{96E2742D-536C-41ED-ACC9-0080F5200419}.Release|Any CPU.ActiveCfg = Release|Any CPU
		{96E2742D-536C-41ED-ACC9-0080F5200419}.Release|Any CPU.Build.0 = Release|Any CPU
	EndGlobalSection
	GlobalSection(SolutionProperties) = preSolution
		HideSolutionNode = FALSE
	EndGlobalSection
	GlobalSection(ExtensibilityGlobals) = postSolution
		SolutionGuid = {69F995EF-E9B6-457A-BF33-FA552AA79C2F}
	EndGlobalSection
EndGlobal
