
Microsoft Visual Studio Solution File, Format Version 12.00
# Visual Studio Version 16
VisualStudioVersion = 16.0.29230.61
MinimumVisualStudioVersion = 10.0.40219.1
Project("{FAE04EC0-301F-11D3-BF4B-00C04F79EFBC}") = "DemoAzureAdWithoutAuth.Site", "DemoAzureAdWithoutAuth.Site\DemoAzureAdWithoutAuth.Site.csproj", "{228F1962-806A-4EB7-9130-7E4A736AC25F}"
EndProject
Project("{FAE04EC0-301F-11D3-BF4B-00C04F79EFBC}") = "DemoAzureAd.Model", "DemoAzureAd.Model\DemoAzureAd.Model.csproj", "{96E2742D-536C-41ED-ACC9-0080F5200419}"
EndProject
Global
	GlobalSection(SolutionConfigurationPlatforms) = preSolution
		Debug|Any CPU = Debug|Any CPU
		Release|Any CPU = Release|Any CPU
	EndGlobalSection
	GlobalSection(ProjectConfigurationPlatforms) = postSolution
		{228F1962-806A-4EB7-9130-7E4A736AC25F}.Debug|Any CPU.ActiveCfg = Debug|Any CPU
		{228F1962-806A-4EB7-9130-7E4A736AC25F}.Debug|Any CPU.Build.0 = Debug|Any CPU
		{228F1962-806A-4EB7-9130-7E4A736AC25F}.Release|Any CPU.ActiveCfg = Release|Any CPU
		{228F1962-806A-4EB7-9130-7E4A736AC25F}.Release|Any CPU.Build.0 = Release|Any CPU
		{96E2742D-536C-41ED-ACC9-0080F5200419}.Debug|Any CPU.ActiveCfg = Debug|Any CPU
		{96E2742D-536C-41ED-ACC9-0080F5200419}.Debug|Any CPU.Build.0 = Debug|Any CPU
		{96E2742D-536C-41ED-ACC9-0080F5200419}.Release|Any CPU.ActiveCfg = Release|Any CPU
		{96E2742D-536C-41ED-ACC9-0080F5200419}.Release|Any CPU.Build.0 = Release|Any CPU
	EndGlobalSection
	GlobalSection(SolutionProperties) = preSolution
		HideSolutionNode = FALSE
	EndGlobalSection
	GlobalSection(ExtensibilityGlobals) = postSolution
		SolutionGuid = {69F995EF-E9B6-457A-BF33-FA552AA79C2F}
	EndGlobalSection
EndGlobal
