
Microsoft Visual Studio Solution File, Format Version 12.00
# Visual Studio Version 16
VisualStudioVersion = 16.0.29230.61
MinimumVisualStudioVersion = 10.0.40219.1
Project("{9A19103F-16F7-4668-BE54-9A1E7A4F7556}") = "DemoAzureAd.Model", "..\DemoAzureAd.Model\DemoAzureAd.Model.csproj", "{0768FB0F-F5AE-40AF-8488-8E874C086042}"
EndProject
Project("{9A19103F-16F7-4668-BE54-9A1E7A4F7556}") = "DemoAzureAd.Model.Host", "..\DemoAzureAd.Model.Host\DemoAzureAd.Model.Host.csproj", "{3BA06EA4-F35D-4FF3-AA0A-EE91667375E0}"
EndProject
Project("{9A19103F-16F7-4668-BE54-9A1E7A4F7556}") = "DemoAzureAd.Site", "DemoAzureAd.Site.csproj", "{FC9CE3CC-E1A5-4E68-B14E-E69B043A312D}"
EndProject
Global
	GlobalSection(SolutionConfigurationPlatforms) = preSolution
		Debug|Any CPU = Debug|Any CPU
		Release|Any CPU = Release|Any CPU
	EndGlobalSection
	GlobalSection(ProjectConfigurationPlatforms) = postSolution
		{0768FB0F-F5AE-40AF-8488-8E874C086042}.Debug|Any CPU.ActiveCfg = Debug|Any CPU
		{0768FB0F-F5AE-40AF-8488-8E874C086042}.Debug|Any CPU.Build.0 = Debug|Any CPU
		{0768FB0F-F5AE-40AF-8488-8E874C086042}.Release|Any CPU.ActiveCfg = Release|Any CPU
		{0768FB0F-F5AE-40AF-8488-8E874C086042}.Release|Any CPU.Build.0 = Release|Any CPU
		{3BA06EA4-F35D-4FF3-AA0A-EE91667375E0}.Debug|Any CPU.ActiveCfg = Debug|Any CPU
		{3BA06EA4-F35D-4FF3-AA0A-EE91667375E0}.Debug|Any CPU.Build.0 = Debug|Any CPU
		{3BA06EA4-F35D-4FF3-AA0A-EE91667375E0}.Release|Any CPU.ActiveCfg = Release|Any CPU
		{3BA06EA4-F35D-4FF3-AA0A-EE91667375E0}.Release|Any CPU.Build.0 = Release|Any CPU
		{FC9CE3CC-E1A5-4E68-B14E-E69B043A312D}.Debug|Any CPU.ActiveCfg = Debug|Any CPU
		{FC9CE3CC-E1A5-4E68-B14E-E69B043A312D}.Debug|Any CPU.Build.0 = Debug|Any CPU
		{FC9CE3CC-E1A5-4E68-B14E-E69B043A312D}.Release|Any CPU.ActiveCfg = Release|Any CPU
		{FC9CE3CC-E1A5-4E68-B14E-E69B043A312D}.Release|Any CPU.Build.0 = Release|Any CPU
	EndGlobalSection
	GlobalSection(SolutionProperties) = preSolution
		HideSolutionNode = FALSE
	EndGlobalSection
	GlobalSection(ExtensibilityGlobals) = postSolution
		SolutionGuid = {69F995EF-E9B6-457A-BF33-FA552AA79C2F}
	EndGlobalSection
EndGlobal
